
Microsoft Visual Studio Solution File, Format Version 12.00
# Visual Studio Version 16
VisualStudioVersion = 16.0.31205.134
MinimumVisualStudioVersion = 10.0.40219.1
Project("{FAE04EC0-301F-11D3-BF4B-00C04F79EFBC}") = "SalesWebMVC", "SalesWebMVC\SalesWebMVC.csproj", "{77630932-6C0A-4C7A-867F-D8C12DFFE29D}"
EndProject
Global
	GlobalSection(SolutionConfigurationPlatforms) = preSolution
		Debug|Any CPU = Debug|Any CPU
		Release|Any CPU = Release|Any CPU
	EndGlobalSection
	GlobalSection(ProjectConfigurationPlatforms) = postSolution
		{77630932-6C0A-4C7A-867F-D8C12DFFE29D}.Debug|Any CPU.ActiveCfg = Debug|Any CPU
		{77630932-6C0A-4C7A-867F-D8C12DFFE29D}.Debug|Any CPU.Build.0 = Debug|Any CPU
		{77630932-6C0A-4C7A-867F-D8C12DFFE29D}.Release|Any CPU.ActiveCfg = Release|Any CPU
		{77630932-6C0A-4C7A-867F-D8C12DFFE29D}.Release|Any CPU.Build.0 = Release|Any CPU
	EndGlobalSection
	GlobalSection(SolutionProperties) = preSolution
		HideSolutionNode = FALSE
	EndGlobalSection
	GlobalSection(ExtensibilityGlobals) = postSolution
		SolutionGuid = {CB51AA12-E512-4FA1-B1B3-4867040D4A82}
	EndGlobalSection
EndGlobal
